// !$*UTF8*$!
{
	archiveVersion = 1;
	classes = {
	};
	objectVersion = 52;
	objects = {

/* Begin PBXBuildFile section */
		D600C1C82620373400D152C8 /* RepoAuthorView.swift in Sources */ = {isa = PBXBuildFile; fileRef = D600C1C72620373400D152C8 /* RepoAuthorView.swift */; };
		D61E2E0C260DD7150038C9FB /* RepoSearchApp.swift in Sources */ = {isa = PBXBuildFile; fileRef = D61E2E0B260DD7150038C9FB /* RepoSearchApp.swift */; };
		D61E2E0E260DD7150038C9FB /* RepoView.swift in Sources */ = {isa = PBXBuildFile; fileRef = D61E2E0D260DD7150038C9FB /* RepoView.swift */; };
		D61E2E10260DD7150038C9FB /* Assets.xcassets in Resources */ = {isa = PBXBuildFile; fileRef = D61E2E0F260DD7150038C9FB /* Assets.xcassets */; };
		D61E2E13260DD7150038C9FB /* Preview Assets.xcassets in Resources */ = {isa = PBXBuildFile; fileRef = D61E2E12260DD7150038C9FB /* Preview Assets.xcassets */; };
		D62AF3C82617942D0020BDF9 /* Repos.swift in Sources */ = {isa = PBXBuildFile; fileRef = D62AF3C72617942D0020BDF9 /* Repos.swift */; };
		D6347B06261D97910016CB11 /* RepoDetailView.swift in Sources */ = {isa = PBXBuildFile; fileRef = D6347B05261D97910016CB11 /* RepoDetailView.swift */; };
		D64E963B26170C62007897B3 /* ApiCall.swift in Sources */ = {isa = PBXBuildFile; fileRef = D64E963A26170C62007897B3 /* ApiCall.swift */; };
		D64E963E26171003007897B3 /* RepositoryModel.swift in Sources */ = {isa = PBXBuildFile; fileRef = D64E963D26171003007897B3 /* RepositoryModel.swift */; };
		D650271B261C8312003EA470 /* RepositoryItemView.swift in Sources */ = {isa = PBXBuildFile; fileRef = D650271A261C8312003EA470 /* RepositoryItemView.swift */; };
		D650271F261C8844003EA470 /* RepositoryView.swift in Sources */ = {isa = PBXBuildFile; fileRef = D650271E261C8844003EA470 /* RepositoryView.swift */; };
		D68650A0261C61510075861B /* URLImage in Frameworks */ = {isa = PBXBuildFile; productRef = D686509F261C61510075861B /* URLImage */; };
		D68FC60E2610AA440024D4E6 /* LabelView.swift in Sources */ = {isa = PBXBuildFile; fileRef = D68FC60D2610AA440024D4E6 /* LabelView.swift */; };
		D6949AEF261EF28000553632 /* BackButton.swift in Sources */ = {isa = PBXBuildFile; fileRef = D6949AEE261EF28000553632 /* BackButton.swift */; };
		D6949AF2261F04BF00553632 /* BackgroundAvatarImage.swift in Sources */ = {isa = PBXBuildFile; fileRef = D6949AF1261F04BF00553632 /* BackgroundAvatarImage.swift */; };
		D6949AF5261F09CA00553632 /* HelpingFunctions.swift in Sources */ = {isa = PBXBuildFile; fileRef = D6949AF4261F09CA00553632 /* HelpingFunctions.swift */; };
		D6A477E526220C96009990A4 /* ShareButton.swift in Sources */ = {isa = PBXBuildFile; fileRef = D6A477E426220C96009990A4 /* ShareButton.swift */; };
		D6D32245260FDE14005868B4 /* SearchBar.swift in Sources */ = {isa = PBXBuildFile; fileRef = D6D32244260FDE14005868B4 /* SearchBar.swift */; };
		D6E2CA922618F910002EBFEC /* TitleView.swift in Sources */ = {isa = PBXBuildFile; fileRef = D6E2CA912618F910002EBFEC /* TitleView.swift */; };
		D6E4F98C260FA8B900FDF557 /* Constant.swift in Sources */ = {isa = PBXBuildFile; fileRef = D6E4F98B260FA8B900FDF557 /* Constant.swift */; };
		D6E800C226221E1600C12C3B /* CommitsView.swift in Sources */ = {isa = PBXBuildFile; fileRef = D6E800C126221E1600C12C3B /* CommitsView.swift */; };
		D6E800C526221FE800C12C3B /* CommitsItemView.swift in Sources */ = {isa = PBXBuildFile; fileRef = D6E800C426221FE800C12C3B /* CommitsItemView.swift */; };
/* End PBXBuildFile section */

/* Begin PBXFileReference section */
		D600C1C72620373400D152C8 /* RepoAuthorView.swift */ = {isa = PBXFileReference; lastKnownFileType = sourcecode.swift; path = RepoAuthorView.swift; sourceTree = "<group>"; };
		D61E2E08260DD7150038C9FB /* RepoSearch.app */ = {isa = PBXFileReference; explicitFileType = wrapper.application; includeInIndex = 0; path = RepoSearch.app; sourceTree = BUILT_PRODUCTS_DIR; };
		D61E2E0B260DD7150038C9FB /* RepoSearchApp.swift */ = {isa = PBXFileReference; lastKnownFileType = sourcecode.swift; path = RepoSearchApp.swift; sourceTree = "<group>"; };
		D61E2E0D260DD7150038C9FB /* RepoView.swift */ = {isa = PBXFileReference; lastKnownFileType = sourcecode.swift; path = RepoView.swift; sourceTree = "<group>"; };
		D61E2E0F260DD7150038C9FB /* Assets.xcassets */ = {isa = PBXFileReference; lastKnownFileType = folder.assetcatalog; path = Assets.xcassets; sourceTree = "<group>"; };
		D61E2E12260DD7150038C9FB /* Preview Assets.xcassets */ = {isa = PBXFileReference; lastKnownFileType = folder.assetcatalog; path = "Preview Assets.xcassets"; sourceTree = "<group>"; };
		D61E2E14260DD7150038C9FB /* Info.plist */ = {isa = PBXFileReference; lastKnownFileType = text.plist.xml; path = Info.plist; sourceTree = "<group>"; };
		D62AF3C72617942D0020BDF9 /* Repos.swift */ = {isa = PBXFileReference; lastKnownFileType = sourcecode.swift; path = Repos.swift; sourceTree = "<group>"; };
		D6347B05261D97910016CB11 /* RepoDetailView.swift */ = {isa = PBXFileReference; lastKnownFileType = sourcecode.swift; path = RepoDetailView.swift; sourceTree = "<group>"; };
		D64E963A26170C62007897B3 /* ApiCall.swift */ = {isa = PBXFileReference; lastKnownFileType = sourcecode.swift; name = ApiCall.swift; path = RepoSearch/Extension/ApiCall.swift; sourceTree = SOURCE_ROOT; };
		D64E963D26171003007897B3 /* RepositoryModel.swift */ = {isa = PBXFileReference; lastKnownFileType = sourcecode.swift; name = RepositoryModel.swift; path = RepoSearch/Model/RepositoryModel.swift; sourceTree = SOURCE_ROOT; };
		D650271A261C8312003EA470 /* RepositoryItemView.swift */ = {isa = PBXFileReference; lastKnownFileType = sourcecode.swift; name = RepositoryItemView.swift; path = RepoSearch/View/RepositoryItemView.swift; sourceTree = SOURCE_ROOT; };
		D650271E261C8844003EA470 /* RepositoryView.swift */ = {isa = PBXFileReference; lastKnownFileType = sourcecode.swift; path = RepositoryView.swift; sourceTree = "<group>"; };
		D68FC60D2610AA440024D4E6 /* LabelView.swift */ = {isa = PBXFileReference; lastKnownFileType = sourcecode.swift; path = LabelView.swift; sourceTree = "<group>"; };
		D6949AEE261EF28000553632 /* BackButton.swift */ = {isa = PBXFileReference; lastKnownFileType = sourcecode.swift; path = BackButton.swift; sourceTree = "<group>"; };
		D6949AF1261F04BF00553632 /* BackgroundAvatarImage.swift */ = {isa = PBXFileReference; lastKnownFileType = sourcecode.swift; path = BackgroundAvatarImage.swift; sourceTree = "<group>"; };
		D6949AF4261F09CA00553632 /* HelpingFunctions.swift */ = {isa = PBXFileReference; lastKnownFileType = sourcecode.swift; name = HelpingFunctions.swift; path = RepoSearch/Extension/HelpingFunctions.swift; sourceTree = SOURCE_ROOT; };
		D6A477E426220C96009990A4 /* ShareButton.swift */ = {isa = PBXFileReference; lastKnownFileType = sourcecode.swift; path = ShareButton.swift; sourceTree = "<group>"; };
		D6D32244260FDE14005868B4 /* SearchBar.swift */ = {isa = PBXFileReference; lastKnownFileType = sourcecode.swift; path = SearchBar.swift; sourceTree = "<group>"; };
		D6E2CA912618F910002EBFEC /* TitleView.swift */ = {isa = PBXFileReference; lastKnownFileType = sourcecode.swift; path = TitleView.swift; sourceTree = "<group>"; };
		D6E4F98B260FA8B900FDF557 /* Constant.swift */ = {isa = PBXFileReference; lastKnownFileType = sourcecode.swift; path = Constant.swift; sourceTree = "<group>"; };
		D6E800C126221E1600C12C3B /* CommitsView.swift */ = {isa = PBXFileReference; lastKnownFileType = sourcecode.swift; path = CommitsView.swift; sourceTree = "<group>"; };
		D6E800C426221FE800C12C3B /* CommitsItemView.swift */ = {isa = PBXFileReference; lastKnownFileType = sourcecode.swift; path = CommitsItemView.swift; sourceTree = "<group>"; };
/* End PBXFileReference section */

/* Begin PBXFrameworksBuildPhase section */
		D61E2E05260DD7150038C9FB /* Frameworks */ = {
			isa = PBXFrameworksBuildPhase;
			buildActionMask = 2147483647;
			files = (
				D68650A0261C61510075861B /* URLImage in Frameworks */,
			);
			runOnlyForDeploymentPostprocessing = 0;
		};
/* End PBXFrameworksBuildPhase section */

/* Begin PBXGroup section */
		D61E2DFF260DD7150038C9FB = {
			isa = PBXGroup;
			children = (
				D61E2E0A260DD7150038C9FB /* RepoSearch */,
				D61E2E09260DD7150038C9FB /* Products */,
			);
			sourceTree = "<group>";
		};
		D61E2E09260DD7150038C9FB /* Products */ = {
			isa = PBXGroup;
			children = (
				D61E2E08260DD7150038C9FB /* RepoSearch.app */,
			);
			name = Products;
			sourceTree = "<group>";
		};
		D61E2E0A260DD7150038C9FB /* RepoSearch */ = {
			isa = PBXGroup;
			children = (
				D61E2E1F260DD75F0038C9FB /* App */,
				D61E2E1E260DD7590038C9FB /* View */,
				D61E2E1D260DD7530038C9FB /* Model */,
				D61E2E1C260DD7490038C9FB /* Extension */,
				D61E2E1B260DD73D0038C9FB /* Utility */,
				D61E2E0F260DD7150038C9FB /* Assets.xcassets */,
				D61E2E14260DD7150038C9FB /* Info.plist */,
				D61E2E11260DD7150038C9FB /* Preview Content */,
			);
			path = RepoSearch;
			sourceTree = "<group>";
		};
		D61E2E11260DD7150038C9FB /* Preview Content */ = {
			isa = PBXGroup;
			children = (
				D61E2E12260DD7150038C9FB /* Preview Assets.xcassets */,
			);
			path = "Preview Content";
			sourceTree = "<group>";
		};
		D61E2E1B260DD73D0038C9FB /* Utility */ = {
			isa = PBXGroup;
			children = (
				D6E4F98B260FA8B900FDF557 /* Constant.swift */,
				D62AF3C72617942D0020BDF9 /* Repos.swift */,
			);
			path = Utility;
			sourceTree = "<group>";
		};
		D61E2E1C260DD7490038C9FB /* Extension */ = {
			isa = PBXGroup;
			children = (
				D64E963A26170C62007897B3 /* ApiCall.swift */,
				D6949AF4261F09CA00553632 /* HelpingFunctions.swift */,
			);
			path = Extension;
			sourceTree = "<group>";
		};
		D61E2E1D260DD7530038C9FB /* Model */ = {
			isa = PBXGroup;
			children = (
				D64E963D26171003007897B3 /* RepositoryModel.swift */,
			);
			path = Model;
			sourceTree = "<group>";
		};
		D61E2E1E260DD7590038C9FB /* View */ = {
			isa = PBXGroup;
			children = (
				D6E2CA912618F910002EBFEC /* TitleView.swift */,
				D6D32244260FDE14005868B4 /* SearchBar.swift */,
				D68FC60D2610AA440024D4E6 /* LabelView.swift */,
				D650271E261C8844003EA470 /* RepositoryView.swift */,
				D650271A261C8312003EA470 /* RepositoryItemView.swift */,
				D6949AEE261EF28000553632 /* BackButton.swift */,
				D6949AF1261F04BF00553632 /* BackgroundAvatarImage.swift */,
				D600C1C72620373400D152C8 /* RepoAuthorView.swift */,
				D6A477E426220C96009990A4 /* ShareButton.swift */,
				D6E800C126221E1600C12C3B /* CommitsView.swift */,
				D6E800C426221FE800C12C3B /* CommitsItemView.swift */,
			);
			path = View;
			sourceTree = "<group>";
		};
		D61E2E1F260DD75F0038C9FB /* App */ = {
			isa = PBXGroup;
			children = (
				D61E2E0B260DD7150038C9FB /* RepoSearchApp.swift */,
				D61E2E0D260DD7150038C9FB /* RepoView.swift */,
				D6347B05261D97910016CB11 /* RepoDetailView.swift */,
			);
			path = App;
			sourceTree = "<group>";
		};
/* End PBXGroup section */

/* Begin PBXNativeTarget section */
		D61E2E07260DD7150038C9FB /* RepoSearch */ = {
			isa = PBXNativeTarget;
			buildConfigurationList = D61E2E17260DD7150038C9FB /* Build configuration list for PBXNativeTarget "RepoSearch" */;
			buildPhases = (
				D61E2E04260DD7150038C9FB /* Sources */,
				D61E2E05260DD7150038C9FB /* Frameworks */,
				D61E2E06260DD7150038C9FB /* Resources */,
			);
			buildRules = (
			);
			dependencies = (
			);
			name = RepoSearch;
			packageProductDependencies = (
				D686509F261C61510075861B /* URLImage */,
			);
			productName = RepoSearch;
			productReference = D61E2E08260DD7150038C9FB /* RepoSearch.app */;
			productType = "com.apple.product-type.application";
		};
/* End PBXNativeTarget section */

/* Begin PBXProject section */
		D61E2E00260DD7150038C9FB /* Project object */ = {
			isa = PBXProject;
			attributes = {
				LastSwiftUpdateCheck = 1240;
				LastUpgradeCheck = 1240;
				TargetAttributes = {
					D61E2E07260DD7150038C9FB = {
						CreatedOnToolsVersion = 12.4;
					};
				};
			};
			buildConfigurationList = D61E2E03260DD7150038C9FB /* Build configuration list for PBXProject "RepoSearch" */;
			compatibilityVersion = "Xcode 9.3";
			developmentRegion = en;
			hasScannedForEncodings = 0;
			knownRegions = (
				en,
				Base,
			);
			mainGroup = D61E2DFF260DD7150038C9FB;
			packageReferences = (
				D686509E261C61510075861B /* XCRemoteSwiftPackageReference "url-image" */,
			);
			productRefGroup = D61E2E09260DD7150038C9FB /* Products */;
			projectDirPath = "";
			projectRoot = "";
			targets = (
				D61E2E07260DD7150038C9FB /* RepoSearch */,
			);
		};
/* End PBXProject section */

/* Begin PBXResourcesBuildPhase section */
		D61E2E06260DD7150038C9FB /* Resources */ = {
			isa = PBXResourcesBuildPhase;
			buildActionMask = 2147483647;
			files = (
				D61E2E13260DD7150038C9FB /* Preview Assets.xcassets in Resources */,
				D61E2E10260DD7150038C9FB /* Assets.xcassets in Resources */,
			);
			runOnlyForDeploymentPostprocessing = 0;
		};
/* End PBXResourcesBuildPhase section */

/* Begin PBXSourcesBuildPhase section */
		D61E2E04260DD7150038C9FB /* Sources */ = {
			isa = PBXSourcesBuildPhase;
			buildActionMask = 2147483647;
			files = (
				D650271F261C8844003EA470 /* RepositoryView.swift in Sources */,
				D6E800C226221E1600C12C3B /* CommitsView.swift in Sources */,
				D62AF3C82617942D0020BDF9 /* Repos.swift in Sources */,
				D61E2E0E260DD7150038C9FB /* RepoView.swift in Sources */,
				D600C1C82620373400D152C8 /* RepoAuthorView.swift in Sources */,
				D6347B06261D97910016CB11 /* RepoDetailView.swift in Sources */,
				D6D32245260FDE14005868B4 /* SearchBar.swift in Sources */,
				D6949AF5261F09CA00553632 /* HelpingFunctions.swift in Sources */,
				D64E963E26171003007897B3 /* RepositoryModel.swift in Sources */,
				D6949AF2261F04BF00553632 /* BackgroundAvatarImage.swift in Sources */,
				D61E2E0C260DD7150038C9FB /* RepoSearchApp.swift in Sources */,
				D650271B261C8312003EA470 /* RepositoryItemView.swift in Sources */,
				D6A477E526220C96009990A4 /* ShareButton.swift in Sources */,
				D6E4F98C260FA8B900FDF557 /* Constant.swift in Sources */,
				D64E963B26170C62007897B3 /* ApiCall.swift in Sources */,
				D6E800C526221FE800C12C3B /* CommitsItemView.swift in Sources */,
				D68FC60E2610AA440024D4E6 /* LabelView.swift in Sources */,
				D6949AEF261EF28000553632 /* BackButton.swift in Sources */,
				D6E2CA922618F910002EBFEC /* TitleView.swift in Sources */,
			);
			runOnlyForDeploymentPostprocessing = 0;
		};
/* End PBXSourcesBuildPhase section */

/* Begin XCBuildConfiguration section */
		D61E2E15260DD7150038C9FB /* Debug */ = {
			isa = XCBuildConfiguration;
			buildSettings = {
				ALWAYS_SEARCH_USER_PATHS = NO;
				CLANG_ANALYZER_NONNULL = YES;
				CLANG_ANALYZER_NUMBER_OBJECT_CONVERSION = YES_AGGRESSIVE;
				CLANG_CXX_LANGUAGE_STANDARD = "gnu++14";
				CLANG_CXX_LIBRARY = "libc++";
				CLANG_ENABLE_MODULES = YES;
				CLANG_ENABLE_OBJC_ARC = YES;
				CLANG_ENABLE_OBJC_WEAK = YES;
				CLANG_WARN_BLOCK_CAPTURE_AUTORELEASING = YES;
				CLANG_WARN_BOOL_CONVERSION = YES;
				CLANG_WARN_COMMA = YES;
				CLANG_WARN_CONSTANT_CONVERSION = YES;
				CLANG_WARN_DEPRECATED_OBJC_IMPLEMENTATIONS = YES;
				CLANG_WARN_DIRECT_OBJC_ISA_USAGE = YES_ERROR;
				CLANG_WARN_DOCUMENTATION_COMMENTS = YES;
				CLANG_WARN_EMPTY_BODY = YES;
				CLANG_WARN_ENUM_CONVERSION = YES;
				CLANG_WARN_INFINITE_RECURSION = YES;
				CLANG_WARN_INT_CONVERSION = YES;
				CLANG_WARN_NON_LITERAL_NULL_CONVERSION = YES;
				CLANG_WARN_OBJC_IMPLICIT_RETAIN_SELF = YES;
				CLANG_WARN_OBJC_LITERAL_CONVERSION = YES;
				CLANG_WARN_OBJC_ROOT_CLASS = YES_ERROR;
				CLANG_WARN_QUOTED_INCLUDE_IN_FRAMEWORK_HEADER = YES;
				CLANG_WARN_RANGE_LOOP_ANALYSIS = YES;
				CLANG_WARN_STRICT_PROTOTYPES = YES;
				CLANG_WARN_SUSPICIOUS_MOVE = YES;
				CLANG_WARN_UNGUARDED_AVAILABILITY = YES_AGGRESSIVE;
				CLANG_WARN_UNREACHABLE_CODE = YES;
				CLANG_WARN__DUPLICATE_METHOD_MATCH = YES;
				COPY_PHASE_STRIP = NO;
				DEBUG_INFORMATION_FORMAT = dwarf;
				ENABLE_STRICT_OBJC_MSGSEND = YES;
				ENABLE_TESTABILITY = YES;
				GCC_C_LANGUAGE_STANDARD = gnu11;
				GCC_DYNAMIC_NO_PIC = NO;
				GCC_NO_COMMON_BLOCKS = YES;
				GCC_OPTIMIZATION_LEVEL = 0;
				GCC_PREPROCESSOR_DEFINITIONS = (
					"DEBUG=1",
					"$(inherited)",
				);
				GCC_WARN_64_TO_32_BIT_CONVERSION = YES;
				GCC_WARN_ABOUT_RETURN_TYPE = YES_ERROR;
				GCC_WARN_UNDECLARED_SELECTOR = YES;
				GCC_WARN_UNINITIALIZED_AUTOS = YES_AGGRESSIVE;
				GCC_WARN_UNUSED_FUNCTION = YES;
				GCC_WARN_UNUSED_VARIABLE = YES;
				IPHONEOS_DEPLOYMENT_TARGET = 14.4;
				MTL_ENABLE_DEBUG_INFO = INCLUDE_SOURCE;
				MTL_FAST_MATH = YES;
				ONLY_ACTIVE_ARCH = YES;
				SDKROOT = iphoneos;
				SWIFT_ACTIVE_COMPILATION_CONDITIONS = DEBUG;
				SWIFT_OPTIMIZATION_LEVEL = "-Onone";
			};
			name = Debug;
		};
		D61E2E16260DD7150038C9FB /* Release */ = {
			isa = XCBuildConfiguration;
			buildSettings = {
				ALWAYS_SEARCH_USER_PATHS = NO;
				CLANG_ANALYZER_NONNULL = YES;
				CLANG_ANALYZER_NUMBER_OBJECT_CONVERSION = YES_AGGRESSIVE;
				CLANG_CXX_LANGUAGE_STANDARD = "gnu++14";
				CLANG_CXX_LIBRARY = "libc++";
				CLANG_ENABLE_MODULES = YES;
				CLANG_ENABLE_OBJC_ARC = YES;
				CLANG_ENABLE_OBJC_WEAK = YES;
				CLANG_WARN_BLOCK_CAPTURE_AUTORELEASING = YES;
				CLANG_WARN_BOOL_CONVERSION = YES;
				CLANG_WARN_COMMA = YES;
				CLANG_WARN_CONSTANT_CONVERSION = YES;
				CLANG_WARN_DEPRECATED_OBJC_IMPLEMENTATIONS = YES;
				CLANG_WARN_DIRECT_OBJC_ISA_USAGE = YES_ERROR;
				CLANG_WARN_DOCUMENTATION_COMMENTS = YES;
				CLANG_WARN_EMPTY_BODY = YES;
				CLANG_WARN_ENUM_CONVERSION = YES;
				CLANG_WARN_INFINITE_RECURSION = YES;
				CLANG_WARN_INT_CONVERSION = YES;
				CLANG_WARN_NON_LITERAL_NULL_CONVERSION = YES;
				CLANG_WARN_OBJC_IMPLICIT_RETAIN_SELF = YES;
				CLANG_WARN_OBJC_LITERAL_CONVERSION = YES;
				CLANG_WARN_OBJC_ROOT_CLASS = YES_ERROR;
				CLANG_WARN_QUOTED_INCLUDE_IN_FRAMEWORK_HEADER = YES;
				CLANG_WARN_RANGE_LOOP_ANALYSIS = YES;
				CLANG_WARN_STRICT_PROTOTYPES = YES;
				CLANG_WARN_SUSPICIOUS_MOVE = YES;
				CLANG_WARN_UNGUARDED_AVAILABILITY = YES_AGGRESSIVE;
				CLANG_WARN_UNREACHABLE_CODE = YES;
				CLANG_WARN__DUPLICATE_METHOD_MATCH = YES;
				COPY_PHASE_STRIP = NO;
				DEBUG_INFORMATION_FORMAT = "dwarf-with-dsym";
				ENABLE_NS_ASSERTIONS = NO;
				ENABLE_STRICT_OBJC_MSGSEND = YES;
				GCC_C_LANGUAGE_STANDARD = gnu11;
				GCC_NO_COMMON_BLOCKS = YES;
				GCC_WARN_64_TO_32_BIT_CONVERSION = YES;
				GCC_WARN_ABOUT_RETURN_TYPE = YES_ERROR;
				GCC_WARN_UNDECLARED_SELECTOR = YES;
				GCC_WARN_UNINITIALIZED_AUTOS = YES_AGGRESSIVE;
				GCC_WARN_UNUSED_FUNCTION = YES;
				GCC_WARN_UNUSED_VARIABLE = YES;
				IPHONEOS_DEPLOYMENT_TARGET = 14.4;
				MTL_ENABLE_DEBUG_INFO = NO;
				MTL_FAST_MATH = YES;
				SDKROOT = iphoneos;
				SWIFT_COMPILATION_MODE = wholemodule;
				SWIFT_OPTIMIZATION_LEVEL = "-O";
				VALIDATE_PRODUCT = YES;
			};
			name = Release;
		};
		D61E2E18260DD7150038C9FB /* Debug */ = {
			isa = XCBuildConfiguration;
			buildSettings = {
				ASSETCATALOG_COMPILER_APPICON_NAME = AppIcon;
				ASSETCATALOG_COMPILER_GLOBAL_ACCENT_COLOR_NAME = AccentColor;
				CODE_SIGN_STYLE = Automatic;
				DEVELOPMENT_ASSET_PATHS = "\"RepoSearch/Preview Content\"";
				DEVELOPMENT_TEAM = FH6MHCYNH7;
				ENABLE_PREVIEWS = YES;
				INFOPLIST_FILE = RepoSearch/Info.plist;
				IPHONEOS_DEPLOYMENT_TARGET = 14.0;
				LD_RUNPATH_SEARCH_PATHS = (
					"$(inherited)",
					"@executable_path/Frameworks",
				);
				PRODUCT_BUNDLE_IDENTIFIER = com.kusjedrzej.RepoSearch;
				PRODUCT_NAME = "$(TARGET_NAME)";
				SWIFT_VERSION = 5.0;
				TARGETED_DEVICE_FAMILY = 1;
			};
			name = Debug;
		};
		D61E2E19260DD7150038C9FB /* Release */ = {
			isa = XCBuildConfiguration;
			buildSettings = {
				ASSETCATALOG_COMPILER_APPICON_NAME = AppIcon;
				ASSETCATALOG_COMPILER_GLOBAL_ACCENT_COLOR_NAME = AccentColor;
				CODE_SIGN_STYLE = Automatic;
				DEVELOPMENT_ASSET_PATHS = "\"RepoSearch/Preview Content\"";
				DEVELOPMENT_TEAM = FH6MHCYNH7;
				ENABLE_PREVIEWS = YES;
				INFOPLIST_FILE = RepoSearch/Info.plist;
				IPHONEOS_DEPLOYMENT_TARGET = 14.0;
				LD_RUNPATH_SEARCH_PATHS = (
					"$(inherited)",
					"@executable_path/Frameworks",
				);
				PRODUCT_BUNDLE_IDENTIFIER = com.kusjedrzej.RepoSearch;
				PRODUCT_NAME = "$(TARGET_NAME)";
				SWIFT_VERSION = 5.0;
				TARGETED_DEVICE_FAMILY = 1;
			};
			name = Release;
		};
/* End XCBuildConfiguration section */

/* Begin XCConfigurationList section */
		D61E2E03260DD7150038C9FB /* Build configuration list for PBXProject "RepoSearch" */ = {
			isa = XCConfigurationList;
			buildConfigurations = (
				D61E2E15260DD7150038C9FB /* Debug */,
				D61E2E16260DD7150038C9FB /* Release */,
			);
			defaultConfigurationIsVisible = 0;
			defaultConfigurationName = Release;
		};
		D61E2E17260DD7150038C9FB /* Build configuration list for PBXNativeTarget "RepoSearch" */ = {
			isa = XCConfigurationList;
			buildConfigurations = (
				D61E2E18260DD7150038C9FB /* Debug */,
				D61E2E19260DD7150038C9FB /* Release */,
			);
			defaultConfigurationIsVisible = 0;
			defaultConfigurationName = Release;
		};
/* End XCConfigurationList section */

/* Begin XCRemoteSwiftPackageReference section */
		D686509E261C61510075861B /* XCRemoteSwiftPackageReference "url-image" */ = {
			isa = XCRemoteSwiftPackageReference;
			repositoryURL = "https://github.com/dmytro-anokhin/url-image";
			requirement = {
				kind = upToNextMajorVersion;
				minimumVersion = 2.2.3;
			};
		};
/* End XCRemoteSwiftPackageReference section */

/* Begin XCSwiftPackageProductDependency section */
		D686509F261C61510075861B /* URLImage */ = {
			isa = XCSwiftPackageProductDependency;
			package = D686509E261C61510075861B /* XCRemoteSwiftPackageReference "url-image" */;
			productName = URLImage;
		};
/* End XCSwiftPackageProductDependency section */
	};
	rootObject = D61E2E00260DD7150038C9FB /* Project object */;
}
